
Microsoft Visual Studio Solution File, Format Version 12.00
# Visual Studio 14
VisualStudioVersion = 14.0.25420.1
MinimumVisualStudioVersion = 10.0.40219.1
Project("{FAE04EC0-301F-11D3-BF4B-00C04F79EFBC}") = "Part 1", "Part 1\Part 1.csproj", "{DB6EAC84-7322-4971-A6CA-6FD0078A0258}"
EndProject
Project("{FAE04EC0-301F-11D3-BF4B-00C04F79EFBC}") = "Part 2", "Part 2\Part 2.csproj", "{F7DDBB1D-5EA7-4C71-9F11-D5676B17C18F}"
EndProject
Project("{FAE04EC0-301F-11D3-BF4B-00C04F79EFBC}") = "Part 3", "Part 3\Part 3.csproj", "{5E19FCE3-5C58-4E3B-912C-BFFCEE82A9F9}"
EndProject
Project("{FAE04EC0-301F-11D3-BF4B-00C04F79EFBC}") = "Part 4", "Part 4\Part 4.csproj", "{CED654EC-5583-4B1C-84A5-435A99CA2C68}"
EndProject
Global
	GlobalSection(SolutionConfigurationPlatforms) = preSolution
		Debug|Any CPU = Debug|Any CPU
		Release|Any CPU = Release|Any CPU
	EndGlobalSection
	GlobalSection(ProjectConfigurationPlatforms) = postSolution
		{DB6EAC84-7322-4971-A6CA-6FD0078A0258}.Debug|Any CPU.ActiveCfg = Debug|Any CPU
		{DB6EAC84-7322-4971-A6CA-6FD0078A0258}.Debug|Any CPU.Build.0 = Debug|Any CPU
		{DB6EAC84-7322-4971-A6CA-6FD0078A0258}.Release|Any CPU.ActiveCfg = Release|Any CPU
		{DB6EAC84-7322-4971-A6CA-6FD0078A0258}.Release|Any CPU.Build.0 = Release|Any CPU
		{F7DDBB1D-5EA7-4C71-9F11-D5676B17C18F}.Debug|Any CPU.ActiveCfg = Debug|Any CPU
		{F7DDBB1D-5EA7-4C71-9F11-D5676B17C18F}.Debug|Any CPU.Build.0 = Debug|Any CPU
		{F7DDBB1D-5EA7-4C71-9F11-D5676B17C18F}.Release|Any CPU.ActiveCfg = Release|Any CPU
		{F7DDBB1D-5EA7-4C71-9F11-D5676B17C18F}.Release|Any CPU.Build.0 = Release|Any CPU
		{5E19FCE3-5C58-4E3B-912C-BFFCEE82A9F9}.Debug|Any CPU.ActiveCfg = Debug|Any CPU
		{5E19FCE3-5C58-4E3B-912C-BFFCEE82A9F9}.Debug|Any CPU.Build.0 = Debug|Any CPU
		{5E19FCE3-5C58-4E3B-912C-BFFCEE82A9F9}.Release|Any CPU.ActiveCfg = Release|Any CPU
		{5E19FCE3-5C58-4E3B-912C-BFFCEE82A9F9}.Release|Any CPU.Build.0 = Release|Any CPU
		{CED654EC-5583-4B1C-84A5-435A99CA2C68}.Debug|Any CPU.ActiveCfg = Debug|Any CPU
		{CED654EC-5583-4B1C-84A5-435A99CA2C68}.Debug|Any CPU.Build.0 = Debug|Any CPU
		{CED654EC-5583-4B1C-84A5-435A99CA2C68}.Release|Any CPU.ActiveCfg = Release|Any CPU
		{CED654EC-5583-4B1C-84A5-435A99CA2C68}.Release|Any CPU.Build.0 = Release|Any CPU
	EndGlobalSection
	GlobalSection(SolutionProperties) = preSolution
		HideSolutionNode = FALSE
	EndGlobalSection
EndGlobal
